
Microsoft Visual Studio Solution File, Format Version 12.00
# Visual Studio 15
VisualStudioVersion = 15.0.28010.2026
MinimumVisualStudioVersion = 10.0.40219.1
Project("{E24C65DC-7377-472B-9ABA-BC803B73C61A}") = "MySite5", "MySite5\", "{F027A4C6-69CB-4177-B3D4-F606DDF11AD2}"
	ProjectSection(WebsiteProperties) = preProject
		TargetFrameworkMoniker = ".NETFramework,Version%3Dv4.0"
		Debug.AspNetCompiler.VirtualPath = "/localhost_1604"
		Debug.AspNetCompiler.PhysicalPath = "MySite5\"
		Debug.AspNetCompiler.TargetPath = "PrecompiledWeb\localhost_1604\"
		Debug.AspNetCompiler.Updateable = "true"
		Debug.AspNetCompiler.ForceOverwrite = "true"
		Debug.AspNetCompiler.FixedNames = "false"
		Debug.AspNetCompiler.Debug = "True"
		Release.AspNetCompiler.VirtualPath = "/localhost_1604"
		Release.AspNetCompiler.PhysicalPath = "MySite5\"
		Release.AspNetCompiler.TargetPath = "PrecompiledWeb\localhost_1604\"
		Release.AspNetCompiler.Updateable = "true"
		Release.AspNetCompiler.ForceOverwrite = "true"
		Release.AspNetCompiler.FixedNames = "false"
		Release.AspNetCompiler.Debug = "False"
		VWDPort = "1604"
		SlnRelativePath = "MySite5\"
		DefaultWebSiteLanguage = "Visual C#"
	EndProjectSection
EndProject
Global
	GlobalSection(SolutionConfigurationPlatforms) = preSolution
		Debug|Any CPU = Debug|Any CPU
	EndGlobalSection
	GlobalSection(ProjectConfigurationPlatforms) = postSolution
		{F027A4C6-69CB-4177-B3D4-F606DDF11AD2}.Debug|Any CPU.ActiveCfg = Debug|Any CPU
		{F027A4C6-69CB-4177-B3D4-F606DDF11AD2}.Debug|Any CPU.Build.0 = Debug|Any CPU
	EndGlobalSection
	GlobalSection(SolutionProperties) = preSolution
		HideSolutionNode = FALSE
	EndGlobalSection
	GlobalSection(ExtensibilityGlobals) = postSolution
		SolutionGuid = {4B9557E4-B506-42D5-8CEC-8C84282D6C2A}
	EndGlobalSection
EndGlobal
